
Microsoft Visual Studio Solution File, Format Version 12.00
# Visual Studio Version 17
VisualStudioVersion = 17.9.34616.47
MinimumVisualStudioVersion = 10.0.40219.1
Project("{FAE04EC0-301F-11D3-BF4B-00C04F79EFBC}") = "Temperature Converter WPF", "Temperature Converter WPF.csproj", "{14ADB736-3C94-4096-AAA8-8F9E902B5034}"
EndProject
Global
	GlobalSection(SolutionConfigurationPlatforms) = preSolution
		Debug|Any CPU = Debug|Any CPU
		Release|Any CPU = Release|Any CPU
	EndGlobalSection
	GlobalSection(ProjectConfigurationPlatforms) = postSolution
		{14ADB736-3C94-4096-AAA8-8F9E902B5034}.Debug|Any CPU.ActiveCfg = Debug|Any CPU
		{14ADB736-3C94-4096-AAA8-8F9E902B5034}.Debug|Any CPU.Build.0 = Debug|Any CPU
		{14ADB736-3C94-4096-AAA8-8F9E902B5034}.Release|Any CPU.ActiveCfg = Release|Any CPU
		{14ADB736-3C94-4096-AAA8-8F9E902B5034}.Release|Any CPU.Build.0 = Release|Any CPU
	EndGlobalSection
	GlobalSection(SolutionProperties) = preSolution
		HideSolutionNode = FALSE
	EndGlobalSection
	GlobalSection(ExtensibilityGlobals) = postSolution
		SolutionGuid = {F83AAB63-865E-40A8-9ACE-4BE3DD00DCDF}
	EndGlobalSection
EndGlobal
